
Microsoft Visual Studio Solution File, Format Version 12.00
# Visual Studio Version 17
VisualStudioVersion = 17.0.31903.59
MinimumVisualStudioVersion = 10.0.40219.1
Project("{2150E333-8FDC-42A3-9474-1A3956D46DE8}") = "src", "src", "{827E0CD3-B72D-47B6-A68D-7590B98EB39B}"
EndProject
Project("{FAE04EC0-301F-11D3-BF4B-00C04F79EFBC}") = "CEI.Domain", "src\CEI.Domain\CEI.Domain.csproj", "{612EBAAE-C0E1-49D0-95A9-A937B33D0C3C}"
EndProject
Project("{FAE04EC0-301F-11D3-BF4B-00C04F79EFBC}") = "CEI.Application", "src\CEI.Application\CEI.Application.csproj", "{4401576F-4917-4E96-B0B4-F46AE57B567C}"
EndProject
Project("{FAE04EC0-301F-11D3-BF4B-00C04F79EFBC}") = "CEI.Infrastructure", "src\CEI.Infrastructure\CEI.Infrastructure.csproj", "{DDFEB2A0-9E33-47CF-BC5B-D8A3FDBAFDE6}"
EndProject
Project("{FAE04EC0-301F-11D3-BF4B-00C04F79EFBC}") = "CEI.Web", "src\CEI.Web\CEI.Web.csproj", "{066AA14D-DAF9-465E-ADAF-8F23C9FFB6D5}"
EndProject
Project("{2150E333-8FDC-42A3-9474-1A3956D46DE8}") = "tests", "tests", "{0AB3BF05-4346-4AA6-1389-037BE0695223}"
EndProject
Project("{FAE04EC0-301F-11D3-BF4B-00C04F79EFBC}") = "CEI.Domain.Tests", "tests\CEI.Domain.Tests\CEI.Domain.Tests.csproj", "{E5B19D0F-B1F5-4D44-A165-6E67C151B5C4}"
EndProject
Project("{FAE04EC0-301F-11D3-BF4B-00C04F79EFBC}") = "CEI.Application.Tests", "tests\CEI.Application.Tests\CEI.Application.Tests.csproj", "{DEC60F1C-5041-41DF-919E-0F76E1F110FF}"
EndProject
Project("{FAE04EC0-301F-11D3-BF4B-00C04F79EFBC}") = "CEI.IntegrationTests", "tests\CEI.IntegrationTests\CEI.IntegrationTests.csproj", "{D6818E79-3A0B-4339-80F3-A95BE97AC69A}"
EndProject
Global
	GlobalSection(SolutionConfigurationPlatforms) = preSolution
		Debug|Any CPU = Debug|Any CPU
		Debug|x64 = Debug|x64
		Debug|x86 = Debug|x86
		Release|Any CPU = Release|Any CPU
		Release|x64 = Release|x64
		Release|x86 = Release|x86
	EndGlobalSection
	GlobalSection(ProjectConfigurationPlatforms) = postSolution
		{612EBAAE-C0E1-49D0-95A9-A937B33D0C3C}.Debug|Any CPU.ActiveCfg = Debug|Any CPU
		{612EBAAE-C0E1-49D0-95A9-A937B33D0C3C}.Debug|Any CPU.Build.0 = Debug|Any CPU
		{612EBAAE-C0E1-49D0-95A9-A937B33D0C3C}.Debug|x64.ActiveCfg = Debug|Any CPU
		{612EBAAE-C0E1-49D0-95A9-A937B33D0C3C}.Debug|x64.Build.0 = Debug|Any CPU
		{612EBAAE-C0E1-49D0-95A9-A937B33D0C3C}.Debug|x86.ActiveCfg = Debug|Any CPU
		{612EBAAE-C0E1-49D0-95A9-A937B33D0C3C}.Debug|x86.Build.0 = Debug|Any CPU
		{612EBAAE-C0E1-49D0-95A9-A937B33D0C3C}.Release|Any CPU.ActiveCfg = Release|Any CPU
		{612EBAAE-C0E1-49D0-95A9-A937B33D0C3C}.Release|Any CPU.Build.0 = Release|Any CPU
		{612EBAAE-C0E1-49D0-95A9-A937B33D0C3C}.Release|x64.ActiveCfg = Release|Any CPU
		{612EBAAE-C0E1-49D0-95A9-A937B33D0C3C}.Release|x64.Build.0 = Release|Any CPU
		{612EBAAE-C0E1-49D0-95A9-A937B33D0C3C}.Release|x86.ActiveCfg = Release|Any CPU
		{612EBAAE-C0E1-49D0-95A9-A937B33D0C3C}.Release|x86.Build.0 = Release|Any CPU
		{4401576F-4917-4E96-B0B4-F46AE57B567C}.Debug|Any CPU.ActiveCfg = Debug|Any CPU
		{4401576F-4917-4E96-B0B4-F46AE57B567C}.Debug|Any CPU.Build.0 = Debug|Any CPU
		{4401576F-4917-4E96-B0B4-F46AE57B567C}.Debug|x64.ActiveCfg = Debug|Any CPU
		{4401576F-4917-4E96-B0B4-F46AE57B567C}.Debug|x64.Build.0 = Debug|Any CPU
		{4401576F-4917-4E96-B0B4-F46AE57B567C}.Debug|x86.ActiveCfg = Debug|Any CPU
		{4401576F-4917-4E96-B0B4-F46AE57B567C}.Debug|x86.Build.0 = Debug|Any CPU
		{4401576F-4917-4E96-B0B4-F46AE57B567C}.Release|Any CPU.ActiveCfg = Release|Any CPU
		{4401576F-4917-4E96-B0B4-F46AE57B567C}.Release|Any CPU.Build.0 = Release|Any CPU
		{4401576F-4917-4E96-B0B4-F46AE57B567C}.Release|x64.ActiveCfg = Release|Any CPU
		{4401576F-4917-4E96-B0B4-F46AE57B567C}.Release|x64.Build.0 = Release|Any CPU
		{4401576F-4917-4E96-B0B4-F46AE57B567C}.Release|x86.ActiveCfg = Release|Any CPU
		{4401576F-4917-4E96-B0B4-F46AE57B567C}.Release|x86.Build.0 = Release|Any CPU
		{DDFEB2A0-9E33-47CF-BC5B-D8A3FDBAFDE6}.Debug|Any CPU.ActiveCfg = Debug|Any CPU
		{DDFEB2A0-9E33-47CF-BC5B-D8A3FDBAFDE6}.Debug|Any CPU.Build.0 = Debug|Any CPU
		{DDFEB2A0-9E33-47CF-BC5B-D8A3FDBAFDE6}.Debug|x64.ActiveCfg = Debug|Any CPU
		{DDFEB2A0-9E33-47CF-BC5B-D8A3FDBAFDE6}.Debug|x64.Build.0 = Debug|Any CPU
		{DDFEB2A0-9E33-47CF-BC5B-D8A3FDBAFDE6}.Debug|x86.ActiveCfg = Debug|Any CPU
		{DDFEB2A0-9E33-47CF-BC5B-D8A3FDBAFDE6}.Debug|x86.Build.0 = Debug|Any CPU
		{DDFEB2A0-9E33-47CF-BC5B-D8A3FDBAFDE6}.Release|Any CPU.ActiveCfg = Release|Any CPU
		{DDFEB2A0-9E33-47CF-BC5B-D8A3FDBAFDE6}.Release|Any CPU.Build.0 = Release|Any CPU
		{DDFEB2A0-9E33-47CF-BC5B-D8A3FDBAFDE6}.Release|x64.ActiveCfg = Release|Any CPU
		{DDFEB2A0-9E33-47CF-BC5B-D8A3FDBAFDE6}.Release|x64.Build.0 = Release|Any CPU
		{DDFEB2A0-9E33-47CF-BC5B-D8A3FDBAFDE6}.Release|x86.ActiveCfg = Release|Any CPU
		{DDFEB2A0-9E33-47CF-BC5B-D8A3FDBAFDE6}.Release|x86.Build.0 = Release|Any CPU
		{066AA14D-DAF9-465E-ADAF-8F23C9FFB6D5}.Debug|Any CPU.ActiveCfg = Debug|Any CPU
		{066AA14D-DAF9-465E-ADAF-8F23C9FFB6D5}.Debug|Any CPU.Build.0 = Debug|Any CPU
		{066AA14D-DAF9-465E-ADAF-8F23C9FFB6D5}.Debug|x64.ActiveCfg = Debug|Any CPU
		{066AA14D-DAF9-465E-ADAF-8F23C9FFB6D5}.Debug|x64.Build.0 = Debug|Any CPU
		{066AA14D-DAF9-465E-ADAF-8F23C9FFB6D5}.Debug|x86.ActiveCfg = Debug|Any CPU
		{066AA14D-DAF9-465E-ADAF-8F23C9FFB6D5}.Debug|x86.Build.0 = Debug|Any CPU
		{066AA14D-DAF9-465E-ADAF-8F23C9FFB6D5}.Release|Any CPU.ActiveCfg = Release|Any CPU
		{066AA14D-DAF9-465E-ADAF-8F23C9FFB6D5}.Release|Any CPU.Build.0 = Release|Any CPU
		{066AA14D-DAF9-465E-ADAF-8F23C9FFB6D5}.Release|x64.ActiveCfg = Release|Any CPU
		{066AA14D-DAF9-465E-ADAF-8F23C9FFB6D5}.Release|x64.Build.0 = Release|Any CPU
		{066AA14D-DAF9-465E-ADAF-8F23C9FFB6D5}.Release|x86.ActiveCfg = Release|Any CPU
		{066AA14D-DAF9-465E-ADAF-8F23C9FFB6D5}.Release|x86.Build.0 = Release|Any CPU
		{E5B19D0F-B1F5-4D44-A165-6E67C151B5C4}.Debug|Any CPU.ActiveCfg = Debug|Any CPU
		{E5B19D0F-B1F5-4D44-A165-6E67C151B5C4}.Debug|Any CPU.Build.0 = Debug|Any CPU
		{E5B19D0F-B1F5-4D44-A165-6E67C151B5C4}.Debug|x64.ActiveCfg = Debug|Any CPU
		{E5B19D0F-B1F5-4D44-A165-6E67C151B5C4}.Debug|x64.Build.0 = Debug|Any CPU
		{E5B19D0F-B1F5-4D44-A165-6E67C151B5C4}.Debug|x86.ActiveCfg = Debug|Any CPU
		{E5B19D0F-B1F5-4D44-A165-6E67C151B5C4}.Debug|x86.Build.0 = Debug|Any CPU
		{E5B19D0F-B1F5-4D44-A165-6E67C151B5C4}.Release|Any CPU.ActiveCfg = Release|Any CPU
		{E5B19D0F-B1F5-4D44-A165-6E67C151B5C4}.Release|Any CPU.Build.0 = Release|Any CPU
		{E5B19D0F-B1F5-4D44-A165-6E67C151B5C4}.Release|x64.ActiveCfg = Release|Any CPU
		{E5B19D0F-B1F5-4D44-A165-6E67C151B5C4}.Release|x64.Build.0 = Release|Any CPU
		{E5B19D0F-B1F5-4D44-A165-6E67C151B5C4}.Release|x86.ActiveCfg = Release|Any CPU
		{E5B19D0F-B1F5-4D44-A165-6E67C151B5C4}.Release|x86.Build.0 = Release|Any CPU
		{DEC60F1C-5041-41DF-919E-0F76E1F110FF}.Debug|Any CPU.ActiveCfg = Debug|Any CPU
		{DEC60F1C-5041-41DF-919E-0F76E1F110FF}.Debug|Any CPU.Build.0 = Debug|Any CPU
		{DEC60F1C-5041-41DF-919E-0F76E1F110FF}.Debug|x64.ActiveCfg = Debug|Any CPU
		{DEC60F1C-5041-41DF-919E-0F76E1F110FF}.Debug|x64.Build.0 = Debug|Any CPU
		{DEC60F1C-5041-41DF-919E-0F76E1F110FF}.Debug|x86.ActiveCfg = Debug|Any CPU
		{DEC60F1C-5041-41DF-919E-0F76E1F110FF}.Debug|x86.Build.0 = Debug|Any CPU
		{DEC60F1C-5041-41DF-919E-0F76E1F110FF}.Release|Any CPU.ActiveCfg = Release|Any CPU
		{DEC60F1C-5041-41DF-919E-0F76E1F110FF}.Release|Any CPU.Build.0 = Release|Any CPU
		{DEC60F1C-5041-41DF-919E-0F76E1F110FF}.Release|x64.ActiveCfg = Release|Any CPU
		{DEC60F1C-5041-41DF-919E-0F76E1F110FF}.Release|x64.Build.0 = Release|Any CPU
		{DEC60F1C-5041-41DF-919E-0F76E1F110FF}.Release|x86.ActiveCfg = Release|Any CPU
		{DEC60F1C-5041-41DF-919E-0F76E1F110FF}.Release|x86.Build.0 = Release|Any CPU
		{D6818E79-3A0B-4339-80F3-A95BE97AC69A}.Debug|Any CPU.ActiveCfg = Debug|Any CPU
		{D6818E79-3A0B-4339-80F3-A95BE97AC69A}.Debug|Any CPU.Build.0 = Debug|Any CPU
		{D6818E79-3A0B-4339-80F3-A95BE97AC69A}.Debug|x64.ActiveCfg = Debug|Any CPU
		{D6818E79-3A0B-4339-80F3-A95BE97AC69A}.Debug|x64.Build.0 = Debug|Any CPU
		{D6818E79-3A0B-4339-80F3-A95BE97AC69A}.Debug|x86.ActiveCfg = Debug|Any CPU
		{D6818E79-3A0B-4339-80F3-A95BE97AC69A}.Debug|x86.Build.0 = Debug|Any CPU
		{D6818E79-3A0B-4339-80F3-A95BE97AC69A}.Release|Any CPU.ActiveCfg = Release|Any CPU
		{D6818E79-3A0B-4339-80F3-A95BE97AC69A}.Release|Any CPU.Build.0 = Release|Any CPU
		{D6818E79-3A0B-4339-80F3-A95BE97AC69A}.Release|x64.ActiveCfg = Release|Any CPU
		{D6818E79-3A0B-4339-80F3-A95BE97AC69A}.Release|x64.Build.0 = Release|Any CPU
		{D6818E79-3A0B-4339-80F3-A95BE97AC69A}.Release|x86.ActiveCfg = Release|Any CPU
		{D6818E79-3A0B-4339-80F3-A95BE97AC69A}.Release|x86.Build.0 = Release|Any CPU
	EndGlobalSection
	GlobalSection(SolutionProperties) = preSolution
		HideSolutionNode = FALSE
	EndGlobalSection
	GlobalSection(NestedProjects) = preSolution
		{612EBAAE-C0E1-49D0-95A9-A937B33D0C3C} = {827E0CD3-B72D-47B6-A68D-7590B98EB39B}
		{4401576F-4917-4E96-B0B4-F46AE57B567C} = {827E0CD3-B72D-47B6-A68D-7590B98EB39B}
		{DDFEB2A0-9E33-47CF-BC5B-D8A3FDBAFDE6} = {827E0CD3-B72D-47B6-A68D-7590B98EB39B}
		{066AA14D-DAF9-465E-ADAF-8F23C9FFB6D5} = {827E0CD3-B72D-47B6-A68D-7590B98EB39B}
		{E5B19D0F-B1F5-4D44-A165-6E67C151B5C4} = {0AB3BF05-4346-4AA6-1389-037BE0695223}
		{DEC60F1C-5041-41DF-919E-0F76E1F110FF} = {0AB3BF05-4346-4AA6-1389-037BE0695223}
		{D6818E79-3A0B-4339-80F3-A95BE97AC69A} = {0AB3BF05-4346-4AA6-1389-037BE0695223}
	EndGlobalSection
EndGlobal
